// !$*UTF8*$!
{
	archiveVersion = 1;
	classes = {
	};
	objectVersion = 56;
	objects = {

/* Begin PBXBuildFile section */
		73FA3D1929E72AFD0094906D /* OnBoardingView.swift in Sources */ = {isa = PBXBuildFile; fileRef = 73FA3D1829E72AFD0094906D /* OnBoardingView.swift */; };
		73FA3D1B29E72B350094906D /* Welcome1View.swift in Sources */ = {isa = PBXBuildFile; fileRef = 73FA3D1A29E72B350094906D /* Welcome1View.swift */; };
		73FA3D1D29E72B670094906D /* Welcome2View.swift in Sources */ = {isa = PBXBuildFile; fileRef = 73FA3D1C29E72B670094906D /* Welcome2View.swift */; };
		73FA3D1F29E72B910094906D /* EventsView.swift in Sources */ = {isa = PBXBuildFile; fileRef = 73FA3D1E29E72B910094906D /* EventsView.swift */; };
		A7451EBD29E8BA8C0031CFB1 /* DateParser.swift in Sources */ = {isa = PBXBuildFile; fileRef = A7451EBC29E8BA8C0031CFB1 /* DateParser.swift */; };
		A790A20A29E4A05100B50611 /* Assets.xcassets in Resources */ = {isa = PBXBuildFile; fileRef = A790A20929E4A05100B50611 /* Assets.xcassets */; };
		A790A20D29E4A05100B50611 /* Preview Assets.xcassets in Resources */ = {isa = PBXBuildFile; fileRef = A790A20C29E4A05100B50611 /* Preview Assets.xcassets */; };
		A79EA04029E5E4E200C68336 /* Detailable.swift in Sources */ = {isa = PBXBuildFile; fileRef = A79EA03F29E5E4E200C68336 /* Detailable.swift */; };
		A79EA04229E5EA6F00C68336 /* FavoriteButton.swift in Sources */ = {isa = PBXBuildFile; fileRef = A79EA04129E5EA6F00C68336 /* FavoriteButton.swift */; };
		A7AE13AB29E4EC4D00AAB0CF /* Day.swift in Sources */ = {isa = PBXBuildFile; fileRef = A7AE13AA29E4EC4D00AAB0CF /* Day.swift */; };
		A7AE13AD29E4EC7100AAB0CF /* Stage.swift in Sources */ = {isa = PBXBuildFile; fileRef = A7AE13AC29E4EC7100AAB0CF /* Stage.swift */; };
		A7AE13AF29E4ED3100AAB0CF /* AttractionView.swift in Sources */ = {isa = PBXBuildFile; fileRef = A7AE13AE29E4ED3100AAB0CF /* AttractionView.swift */; };
		A7B3488929E6157C007CC4D8 /* AttractionDetailsView.swift in Sources */ = {isa = PBXBuildFile; fileRef = A7B3488829E6157C007CC4D8 /* AttractionDetailsView.swift */; };
		A7C7AA1129E7521500E5F998 /* PopUpCard.swift in Sources */ = {isa = PBXBuildFile; fileRef = A7C7AA1029E7521500E5F998 /* PopUpCard.swift */; };
		A7C7AA1329E7870800E5F998 /* Filter.swift in Sources */ = {isa = PBXBuildFile; fileRef = A7C7AA1229E7870800E5F998 /* Filter.swift */; };
		A7C7AA1529E7872F00E5F998 /* AttractionFilter.swift in Sources */ = {isa = PBXBuildFile; fileRef = A7C7AA1429E7872F00E5F998 /* AttractionFilter.swift */; };
		A7CDE43229E8DCA800125E7F /* SearchBar.swift in Sources */ = {isa = PBXBuildFile; fileRef = A7CDE43129E8DCA800125E7F /* SearchBar.swift */; };
		A7CDE43C29E8ED2600125E7F /* SairaCondensed-ExtraBold.ttf in Resources */ = {isa = PBXBuildFile; fileRef = A7CDE43B29E8ED2600125E7F /* SairaCondensed-ExtraBold.ttf */; };
		A7CDE44129E8FA8000125E7F /* PrettyTitle.swift in Sources */ = {isa = PBXBuildFile; fileRef = A7CDE44029E8FA8000125E7F /* PrettyTitle.swift */; };
		A7F40E3529E59AB100158F34 /* Attraction.swift in Sources */ = {isa = PBXBuildFile; fileRef = A7F40E3429E59AB100158F34 /* Attraction.swift */; };
		A7F40E3929E59AF100158F34 /* Show.swift in Sources */ = {isa = PBXBuildFile; fileRef = A7F40E3829E59AF100158F34 /* Show.swift */; };
		B1333F6E29E5C75700E95859 /* RestaurantCard.swift in Sources */ = {isa = PBXBuildFile; fileRef = B1333F6D29E5C75700E95859 /* RestaurantCard.swift */; };
		B1333F7029E5C8A000E95859 /* RestaurantGridView.swift in Sources */ = {isa = PBXBuildFile; fileRef = B1333F6F29E5C89F00E95859 /* RestaurantGridView.swift */; };
		B1333F7429E5CEAC00E95859 /* RestaurantDetailView.swift in Sources */ = {isa = PBXBuildFile; fileRef = B1333F7329E5CEAC00E95859 /* RestaurantDetailView.swift */; };
		B1D0835A29E5D9090089B987 /* RockMountainApp.swift in Sources */ = {isa = PBXBuildFile; fileRef = B1D0835729E5D9090089B987 /* RockMountainApp.swift */; };
		B1D0835B29E5D9090089B987 /* ImageHeader.swift in Sources */ = {isa = PBXBuildFile; fileRef = B1D0835829E5D9090089B987 /* ImageHeader.swift */; };
		B1D0835C29E5D9090089B987 /* AttractionCard.swift in Sources */ = {isa = PBXBuildFile; fileRef = B1D0835929E5D9090089B987 /* AttractionCard.swift */; };
		B1D61EF029E5E021007F4099 /* MenuItemCard.swift in Sources */ = {isa = PBXBuildFile; fileRef = B1D61EEF29E5E021007F4099 /* MenuItemCard.swift */; };
		B1D61EF229E5E77E007F4099 /* Restaurant.swift in Sources */ = {isa = PBXBuildFile; fileRef = B1D61EF129E5E77E007F4099 /* Restaurant.swift */; };
		B1D61EF429E5E7BD007F4099 /* RestaurantMenuItem.swift in Sources */ = {isa = PBXBuildFile; fileRef = B1D61EF329E5E7BD007F4099 /* RestaurantMenuItem.swift */; };
/* End PBXBuildFile section */

/* Begin PBXFileReference section */
		73FA3D1829E72AFD0094906D /* OnBoardingView.swift */ = {isa = PBXFileReference; lastKnownFileType = sourcecode.swift; path = OnBoardingView.swift; sourceTree = "<group>"; };
		73FA3D1A29E72B350094906D /* Welcome1View.swift */ = {isa = PBXFileReference; lastKnownFileType = sourcecode.swift; path = Welcome1View.swift; sourceTree = "<group>"; };
		73FA3D1C29E72B670094906D /* Welcome2View.swift */ = {isa = PBXFileReference; lastKnownFileType = sourcecode.swift; path = Welcome2View.swift; sourceTree = "<group>"; };
		73FA3D1E29E72B910094906D /* EventsView.swift */ = {isa = PBXFileReference; lastKnownFileType = sourcecode.swift; path = EventsView.swift; sourceTree = "<group>"; };
		A7451EBC29E8BA8C0031CFB1 /* DateParser.swift */ = {isa = PBXFileReference; lastKnownFileType = sourcecode.swift; path = DateParser.swift; sourceTree = "<group>"; };
		A790A20229E4A05100B50611 /* RockMountain.app */ = {isa = PBXFileReference; explicitFileType = wrapper.application; includeInIndex = 0; path = RockMountain.app; sourceTree = BUILT_PRODUCTS_DIR; };
		A790A20929E4A05100B50611 /* Assets.xcassets */ = {isa = PBXFileReference; lastKnownFileType = folder.assetcatalog; path = Assets.xcassets; sourceTree = "<group>"; };
		A790A20C29E4A05100B50611 /* Preview Assets.xcassets */ = {isa = PBXFileReference; lastKnownFileType = folder.assetcatalog; path = "Preview Assets.xcassets"; sourceTree = "<group>"; };
		A79EA03F29E5E4E200C68336 /* Detailable.swift */ = {isa = PBXFileReference; lastKnownFileType = sourcecode.swift; path = Detailable.swift; sourceTree = "<group>"; };
		A79EA04129E5EA6F00C68336 /* FavoriteButton.swift */ = {isa = PBXFileReference; lastKnownFileType = sourcecode.swift; path = FavoriteButton.swift; sourceTree = "<group>"; };
		A7AE13AA29E4EC4D00AAB0CF /* Day.swift */ = {isa = PBXFileReference; lastKnownFileType = sourcecode.swift; path = Day.swift; sourceTree = "<group>"; };
		A7AE13AC29E4EC7100AAB0CF /* Stage.swift */ = {isa = PBXFileReference; lastKnownFileType = sourcecode.swift; path = Stage.swift; sourceTree = "<group>"; };
		A7AE13AE29E4ED3100AAB0CF /* AttractionView.swift */ = {isa = PBXFileReference; lastKnownFileType = sourcecode.swift; path = AttractionView.swift; sourceTree = "<group>"; };
		A7B3488829E6157C007CC4D8 /* AttractionDetailsView.swift */ = {isa = PBXFileReference; lastKnownFileType = sourcecode.swift; path = AttractionDetailsView.swift; sourceTree = "<group>"; };
		A7C7AA1029E7521500E5F998 /* PopUpCard.swift */ = {isa = PBXFileReference; lastKnownFileType = sourcecode.swift; path = PopUpCard.swift; sourceTree = "<group>"; };
		A7C7AA1229E7870800E5F998 /* Filter.swift */ = {isa = PBXFileReference; lastKnownFileType = sourcecode.swift; path = Filter.swift; sourceTree = "<group>"; };
		A7C7AA1429E7872F00E5F998 /* AttractionFilter.swift */ = {isa = PBXFileReference; lastKnownFileType = sourcecode.swift; path = AttractionFilter.swift; sourceTree = "<group>"; };
		A7CDE43129E8DCA800125E7F /* SearchBar.swift */ = {isa = PBXFileReference; lastKnownFileType = sourcecode.swift; path = SearchBar.swift; sourceTree = "<group>"; };
		A7CDE43B29E8ED2600125E7F /* SairaCondensed-ExtraBold.ttf */ = {isa = PBXFileReference; lastKnownFileType = file; path = "SairaCondensed-ExtraBold.ttf"; sourceTree = "<group>"; };
		A7CDE43F29E8F31000125E7F /* Info.plist */ = {isa = PBXFileReference; lastKnownFileType = text.plist.xml; path = Info.plist; sourceTree = "<group>"; };
		A7CDE44029E8FA8000125E7F /* PrettyTitle.swift */ = {isa = PBXFileReference; lastKnownFileType = sourcecode.swift; path = PrettyTitle.swift; sourceTree = "<group>"; };
		A7F40E3429E59AB100158F34 /* Attraction.swift */ = {isa = PBXFileReference; lastKnownFileType = sourcecode.swift; path = Attraction.swift; sourceTree = "<group>"; };
		A7F40E3829E59AF100158F34 /* Show.swift */ = {isa = PBXFileReference; lastKnownFileType = sourcecode.swift; path = Show.swift; sourceTree = "<group>"; };
		B1333F6D29E5C75700E95859 /* RestaurantCard.swift */ = {isa = PBXFileReference; lastKnownFileType = sourcecode.swift; path = RestaurantCard.swift; sourceTree = "<group>"; };
		B1333F6F29E5C89F00E95859 /* RestaurantGridView.swift */ = {isa = PBXFileReference; lastKnownFileType = sourcecode.swift; path = RestaurantGridView.swift; sourceTree = "<group>"; };
		B1333F7329E5CEAC00E95859 /* RestaurantDetailView.swift */ = {isa = PBXFileReference; lastKnownFileType = sourcecode.swift; path = RestaurantDetailView.swift; sourceTree = "<group>"; };
		B1D0835729E5D9090089B987 /* RockMountainApp.swift */ = {isa = PBXFileReference; fileEncoding = 4; lastKnownFileType = sourcecode.swift; path = RockMountainApp.swift; sourceTree = "<group>"; };
		B1D0835829E5D9090089B987 /* ImageHeader.swift */ = {isa = PBXFileReference; fileEncoding = 4; lastKnownFileType = sourcecode.swift; path = ImageHeader.swift; sourceTree = "<group>"; };
		B1D0835929E5D9090089B987 /* AttractionCard.swift */ = {isa = PBXFileReference; fileEncoding = 4; lastKnownFileType = sourcecode.swift; path = AttractionCard.swift; sourceTree = "<group>"; };
		B1D61EEF29E5E021007F4099 /* MenuItemCard.swift */ = {isa = PBXFileReference; lastKnownFileType = sourcecode.swift; path = MenuItemCard.swift; sourceTree = "<group>"; };
		B1D61EF129E5E77E007F4099 /* Restaurant.swift */ = {isa = PBXFileReference; lastKnownFileType = sourcecode.swift; path = Restaurant.swift; sourceTree = "<group>"; };
		B1D61EF329E5E7BD007F4099 /* RestaurantMenuItem.swift */ = {isa = PBXFileReference; lastKnownFileType = sourcecode.swift; path = RestaurantMenuItem.swift; sourceTree = "<group>"; };
/* End PBXFileReference section */

/* Begin PBXFrameworksBuildPhase section */
		A790A1FF29E4A05100B50611 /* Frameworks */ = {
			isa = PBXFrameworksBuildPhase;
			buildActionMask = 2147483647;
			files = (
			);
			runOnlyForDeploymentPostprocessing = 0;
		};
/* End PBXFrameworksBuildPhase section */

/* Begin PBXGroup section */
		A714458829E5C56500164CF2 /* Components */ = {
			isa = PBXGroup;
			children = (
				B1D0835929E5D9090089B987 /* AttractionCard.swift */,
				B1333F6D29E5C75700E95859 /* RestaurantCard.swift */,
				B1D0835829E5D9090089B987 /* ImageHeader.swift */,
				B1D61EEF29E5E021007F4099 /* MenuItemCard.swift */,
				A79EA04129E5EA6F00C68336 /* FavoriteButton.swift */,
				A7C7AA1029E7521500E5F998 /* PopUpCard.swift */,
				A7CDE43129E8DCA800125E7F /* SearchBar.swift */,
				A7CDE44029E8FA8000125E7F /* PrettyTitle.swift */,
			);
			path = Components;
			sourceTree = "<group>";
		};
		A790A1F929E4A05100B50611 = {
			isa = PBXGroup;
			children = (
				A790A20429E4A05100B50611 /* RockMountain */,
				A790A20329E4A05100B50611 /* Products */,
			);
			sourceTree = "<group>";
		};
		A790A20329E4A05100B50611 /* Products */ = {
			isa = PBXGroup;
			children = (
				A790A20229E4A05100B50611 /* RockMountain.app */,
			);
			name = Products;
			sourceTree = "<group>";
		};
		A790A20429E4A05100B50611 /* RockMountain */ = {
			isa = PBXGroup;
			children = (
				A7CDE43F29E8F31000125E7F /* Info.plist */,
				B1D0835729E5D9090089B987 /* RockMountainApp.swift */,
				A7CDE43A29E8ECF100125E7F /* Font */,
				B1333F7129E5C92200E95859 /* Views */,
				A714458829E5C56500164CF2 /* Components */,
				A7F40E3329E59A8C00158F34 /* Data */,
				A790A20929E4A05100B50611 /* Assets.xcassets */,
				A790A20B29E4A05100B50611 /* Preview Content */,
			);
			path = RockMountain;
			sourceTree = "<group>";
		};
		A790A20B29E4A05100B50611 /* Preview Content */ = {
			isa = PBXGroup;
			children = (
				A790A20C29E4A05100B50611 /* Preview Assets.xcassets */,
			);
			path = "Preview Content";
			sourceTree = "<group>";
		};
		A79EA03E29E5E4B100C68336 /* Protocols */ = {
			isa = PBXGroup;
			children = (
				A79EA03F29E5E4E200C68336 /* Detailable.swift */,
				A7C7AA1229E7870800E5F998 /* Filter.swift */,
			);
			path = Protocols;
			sourceTree = "<group>";
		};
		A7CDE43A29E8ECF100125E7F /* Font */ = {
			isa = PBXGroup;
			children = (
				A7CDE43B29E8ED2600125E7F /* SairaCondensed-ExtraBold.ttf */,
			);
			path = Font;
			sourceTree = "<group>";
		};
		A7F40E3329E59A8C00158F34 /* Data */ = {
			isa = PBXGroup;
			children = (
				A79EA03E29E5E4B100C68336 /* Protocols */,
				A7AE13AC29E4EC7100AAB0CF /* Stage.swift */,
				A7AE13AA29E4EC4D00AAB0CF /* Day.swift */,
				A7F40E3429E59AB100158F34 /* Attraction.swift */,
				A7F40E3829E59AF100158F34 /* Show.swift */,
				B1D61EF129E5E77E007F4099 /* Restaurant.swift */,
				B1D61EF329E5E7BD007F4099 /* RestaurantMenuItem.swift */,
				A7C7AA1429E7872F00E5F998 /* AttractionFilter.swift */,
				A7451EBC29E8BA8C0031CFB1 /* DateParser.swift */,
			);
			path = Data;
			sourceTree = "<group>";
		};
		B1333F7129E5C92200E95859 /* Views */ = {
			isa = PBXGroup;
			children = (
				A7AE13AE29E4ED3100AAB0CF /* AttractionView.swift */,
				B1333F6F29E5C89F00E95859 /* RestaurantGridView.swift */,
				B1333F7329E5CEAC00E95859 /* RestaurantDetailView.swift */,
				A7B3488829E6157C007CC4D8 /* AttractionDetailsView.swift */,
				73FA3D1829E72AFD0094906D /* OnBoardingView.swift */,
				73FA3D1A29E72B350094906D /* Welcome1View.swift */,
				73FA3D1C29E72B670094906D /* Welcome2View.swift */,
				73FA3D1E29E72B910094906D /* EventsView.swift */,
			);
			path = Views;
			sourceTree = "<group>";
		};
/* End PBXGroup section */

/* Begin PBXNativeTarget section */
		A790A20129E4A05100B50611 /* RockMountain */ = {
			isa = PBXNativeTarget;
			buildConfigurationList = A790A21029E4A05100B50611 /* Build configuration list for PBXNativeTarget "RockMountain" */;
			buildPhases = (
				A790A1FE29E4A05100B50611 /* Sources */,
				A790A1FF29E4A05100B50611 /* Frameworks */,
				A790A20029E4A05100B50611 /* Resources */,
			);
			buildRules = (
			);
			dependencies = (
			);
			name = RockMountain;
			productName = RockMountain;
			productReference = A790A20229E4A05100B50611 /* RockMountain.app */;
			productType = "com.apple.product-type.application";
		};
/* End PBXNativeTarget section */

/* Begin PBXProject section */
		A790A1FA29E4A05100B50611 /* Project object */ = {
			isa = PBXProject;
			attributes = {
				BuildIndependentTargetsInParallel = 1;
				LastSwiftUpdateCheck = 1430;
				LastUpgradeCheck = 1430;
				TargetAttributes = {
					A790A20129E4A05100B50611 = {
						CreatedOnToolsVersion = 14.3;
					};
				};
			};
			buildConfigurationList = A790A1FD29E4A05100B50611 /* Build configuration list for PBXProject "RockMountain" */;
			compatibilityVersion = "Xcode 14.0";
			developmentRegion = en;
			hasScannedForEncodings = 0;
			knownRegions = (
				en,
				Base,
			);
			mainGroup = A790A1F929E4A05100B50611;
			productRefGroup = A790A20329E4A05100B50611 /* Products */;
			projectDirPath = "";
			projectRoot = "";
			targets = (
				A790A20129E4A05100B50611 /* RockMountain */,
			);
		};
/* End PBXProject section */

/* Begin PBXResourcesBuildPhase section */
		A790A20029E4A05100B50611 /* Resources */ = {
			isa = PBXResourcesBuildPhase;
			buildActionMask = 2147483647;
			files = (
				A7CDE43C29E8ED2600125E7F /* SairaCondensed-ExtraBold.ttf in Resources */,
				A790A20D29E4A05100B50611 /* Preview Assets.xcassets in Resources */,
				A790A20A29E4A05100B50611 /* Assets.xcassets in Resources */,
			);
			runOnlyForDeploymentPostprocessing = 0;
		};
/* End PBXResourcesBuildPhase section */

/* Begin PBXSourcesBuildPhase section */
		A790A1FE29E4A05100B50611 /* Sources */ = {
			isa = PBXSourcesBuildPhase;
			buildActionMask = 2147483647;
			files = (
				B1D61EF029E5E021007F4099 /* MenuItemCard.swift in Sources */,
				A7C7AA1329E7870800E5F998 /* Filter.swift in Sources */,
				B1333F6E29E5C75700E95859 /* RestaurantCard.swift in Sources */,
				B1333F7429E5CEAC00E95859 /* RestaurantDetailView.swift in Sources */,
				B1333F7029E5C8A000E95859 /* RestaurantGridView.swift in Sources */,
				73FA3D1D29E72B670094906D /* Welcome2View.swift in Sources */,
				A7AE13AB29E4EC4D00AAB0CF /* Day.swift in Sources */,
				A7F40E3529E59AB100158F34 /* Attraction.swift in Sources */,
				A7C7AA1129E7521500E5F998 /* PopUpCard.swift in Sources */,
				B1D0835B29E5D9090089B987 /* ImageHeader.swift in Sources */,
				A7AE13AD29E4EC7100AAB0CF /* Stage.swift in Sources */,
				73FA3D1F29E72B910094906D /* EventsView.swift in Sources */,
				A7B3488929E6157C007CC4D8 /* AttractionDetailsView.swift in Sources */,
				A7F40E3929E59AF100158F34 /* Show.swift in Sources */,
				A7CDE43229E8DCA800125E7F /* SearchBar.swift in Sources */,
				73FA3D1929E72AFD0094906D /* OnBoardingView.swift in Sources */,
				A7B3488929E6157C007CC4D8 /* AttractionDetailsView.swift in Sources */,
				B1D61EF229E5E77E007F4099 /* Restaurant.swift in Sources */,
				73FA3D1B29E72B350094906D /* Welcome1View.swift in Sources */,
				B1D61EF429E5E7BD007F4099 /* RestaurantMenuItem.swift in Sources */,
				A7AE13AF29E4ED3100AAB0CF /* AttractionView.swift in Sources */,
				A7451EBD29E8BA8C0031CFB1 /* DateParser.swift in Sources */,
				A7CDE44129E8FA8000125E7F /* PrettyTitle.swift in Sources */,
				B1D0835C29E5D9090089B987 /* AttractionCard.swift in Sources */,
				A7C7AA1529E7872F00E5F998 /* AttractionFilter.swift in Sources */,
				B1D0835A29E5D9090089B987 /* RockMountainApp.swift in Sources */,
				A79EA04029E5E4E200C68336 /* Detailable.swift in Sources */,
				A79EA04229E5EA6F00C68336 /* FavoriteButton.swift in Sources */,
			);
			runOnlyForDeploymentPostprocessing = 0;
		};
/* End PBXSourcesBuildPhase section */

/* Begin XCBuildConfiguration section */
		A790A20E29E4A05100B50611 /* Debug */ = {
			isa = XCBuildConfiguration;
			buildSettings = {
				ALWAYS_SEARCH_USER_PATHS = NO;
				CLANG_ANALYZER_NONNULL = YES;
				CLANG_ANALYZER_NUMBER_OBJECT_CONVERSION = YES_AGGRESSIVE;
				CLANG_CXX_LANGUAGE_STANDARD = "gnu++20";
				CLANG_ENABLE_MODULES = YES;
				CLANG_ENABLE_OBJC_ARC = YES;
				CLANG_ENABLE_OBJC_WEAK = YES;
				CLANG_WARN_BLOCK_CAPTURE_AUTORELEASING = YES;
				CLANG_WARN_BOOL_CONVERSION = YES;
				CLANG_WARN_COMMA = YES;
				CLANG_WARN_CONSTANT_CONVERSION = YES;
				CLANG_WARN_DEPRECATED_OBJC_IMPLEMENTATIONS = YES;
				CLANG_WARN_DIRECT_OBJC_ISA_USAGE = YES_ERROR;
				CLANG_WARN_DOCUMENTATION_COMMENTS = YES;
				CLANG_WARN_EMPTY_BODY = YES;
				CLANG_WARN_ENUM_CONVERSION = YES;
				CLANG_WARN_INFINITE_RECURSION = YES;
				CLANG_WARN_INT_CONVERSION = YES;
				CLANG_WARN_NON_LITERAL_NULL_CONVERSION = YES;
				CLANG_WARN_OBJC_IMPLICIT_RETAIN_SELF = YES;
				CLANG_WARN_OBJC_LITERAL_CONVERSION = YES;
				CLANG_WARN_OBJC_ROOT_CLASS = YES_ERROR;
				CLANG_WARN_QUOTED_INCLUDE_IN_FRAMEWORK_HEADER = YES;
				CLANG_WARN_RANGE_LOOP_ANALYSIS = YES;
				CLANG_WARN_STRICT_PROTOTYPES = YES;
				CLANG_WARN_SUSPICIOUS_MOVE = YES;
				CLANG_WARN_UNGUARDED_AVAILABILITY = YES_AGGRESSIVE;
				CLANG_WARN_UNREACHABLE_CODE = YES;
				CLANG_WARN__DUPLICATE_METHOD_MATCH = YES;
				COPY_PHASE_STRIP = NO;
				DEBUG_INFORMATION_FORMAT = dwarf;
				ENABLE_STRICT_OBJC_MSGSEND = YES;
				ENABLE_TESTABILITY = YES;
				GCC_C_LANGUAGE_STANDARD = gnu11;
				GCC_DYNAMIC_NO_PIC = NO;
				GCC_NO_COMMON_BLOCKS = YES;
				GCC_OPTIMIZATION_LEVEL = 0;
				GCC_PREPROCESSOR_DEFINITIONS = (
					"DEBUG=1",
					"$(inherited)",
				);
				GCC_WARN_64_TO_32_BIT_CONVERSION = YES;
				GCC_WARN_ABOUT_RETURN_TYPE = YES_ERROR;
				GCC_WARN_UNDECLARED_SELECTOR = YES;
				GCC_WARN_UNINITIALIZED_AUTOS = YES_AGGRESSIVE;
				GCC_WARN_UNUSED_FUNCTION = YES;
				GCC_WARN_UNUSED_VARIABLE = YES;
				IPHONEOS_DEPLOYMENT_TARGET = 16.4;
				MTL_ENABLE_DEBUG_INFO = INCLUDE_SOURCE;
				MTL_FAST_MATH = YES;
				ONLY_ACTIVE_ARCH = YES;
				SDKROOT = iphoneos;
				SWIFT_ACTIVE_COMPILATION_CONDITIONS = DEBUG;
				SWIFT_OPTIMIZATION_LEVEL = "-Onone";
			};
			name = Debug;
		};
		A790A20F29E4A05100B50611 /* Release */ = {
			isa = XCBuildConfiguration;
			buildSettings = {
				ALWAYS_SEARCH_USER_PATHS = NO;
				CLANG_ANALYZER_NONNULL = YES;
				CLANG_ANALYZER_NUMBER_OBJECT_CONVERSION = YES_AGGRESSIVE;
				CLANG_CXX_LANGUAGE_STANDARD = "gnu++20";
				CLANG_ENABLE_MODULES = YES;
				CLANG_ENABLE_OBJC_ARC = YES;
				CLANG_ENABLE_OBJC_WEAK = YES;
				CLANG_WARN_BLOCK_CAPTURE_AUTORELEASING = YES;
				CLANG_WARN_BOOL_CONVERSION = YES;
				CLANG_WARN_COMMA = YES;
				CLANG_WARN_CONSTANT_CONVERSION = YES;
				CLANG_WARN_DEPRECATED_OBJC_IMPLEMENTATIONS = YES;
				CLANG_WARN_DIRECT_OBJC_ISA_USAGE = YES_ERROR;
				CLANG_WARN_DOCUMENTATION_COMMENTS = YES;
				CLANG_WARN_EMPTY_BODY = YES;
				CLANG_WARN_ENUM_CONVERSION = YES;
				CLANG_WARN_INFINITE_RECURSION = YES;
				CLANG_WARN_INT_CONVERSION = YES;
				CLANG_WARN_NON_LITERAL_NULL_CONVERSION = YES;
				CLANG_WARN_OBJC_IMPLICIT_RETAIN_SELF = YES;
				CLANG_WARN_OBJC_LITERAL_CONVERSION = YES;
				CLANG_WARN_OBJC_ROOT_CLASS = YES_ERROR;
				CLANG_WARN_QUOTED_INCLUDE_IN_FRAMEWORK_HEADER = YES;
				CLANG_WARN_RANGE_LOOP_ANALYSIS = YES;
				CLANG_WARN_STRICT_PROTOTYPES = YES;
				CLANG_WARN_SUSPICIOUS_MOVE = YES;
				CLANG_WARN_UNGUARDED_AVAILABILITY = YES_AGGRESSIVE;
				CLANG_WARN_UNREACHABLE_CODE = YES;
				CLANG_WARN__DUPLICATE_METHOD_MATCH = YES;
				COPY_PHASE_STRIP = NO;
				DEBUG_INFORMATION_FORMAT = "dwarf-with-dsym";
				ENABLE_NS_ASSERTIONS = NO;
				ENABLE_STRICT_OBJC_MSGSEND = YES;
				GCC_C_LANGUAGE_STANDARD = gnu11;
				GCC_NO_COMMON_BLOCKS = YES;
				GCC_WARN_64_TO_32_BIT_CONVERSION = YES;
				GCC_WARN_ABOUT_RETURN_TYPE = YES_ERROR;
				GCC_WARN_UNDECLARED_SELECTOR = YES;
				GCC_WARN_UNINITIALIZED_AUTOS = YES_AGGRESSIVE;
				GCC_WARN_UNUSED_FUNCTION = YES;
				GCC_WARN_UNUSED_VARIABLE = YES;
				IPHONEOS_DEPLOYMENT_TARGET = 16.4;
				MTL_ENABLE_DEBUG_INFO = NO;
				MTL_FAST_MATH = YES;
				SDKROOT = iphoneos;
				SWIFT_COMPILATION_MODE = wholemodule;
				SWIFT_OPTIMIZATION_LEVEL = "-O";
				VALIDATE_PRODUCT = YES;
			};
			name = Release;
		};
		A790A21129E4A05100B50611 /* Debug */ = {
			isa = XCBuildConfiguration;
			buildSettings = {
				ASSETCATALOG_COMPILER_APPICON_NAME = AppIcon;
				ASSETCATALOG_COMPILER_GLOBAL_ACCENT_COLOR_NAME = AccentColor;
				CODE_SIGN_STYLE = Automatic;
				CURRENT_PROJECT_VERSION = 1;
				DEVELOPMENT_ASSET_PATHS = "\"RockMountain/Preview Content\"";
				DEVELOPMENT_TEAM = 73DNAYF2TM;
				ENABLE_PREVIEWS = YES;
				GENERATE_INFOPLIST_FILE = YES;
				INFOPLIST_FILE = RockMountain/Info.plist;
				INFOPLIST_KEY_LSApplicationCategoryType = "";
				INFOPLIST_KEY_UIApplicationSceneManifest_Generation = YES;
				INFOPLIST_KEY_UIApplicationSupportsIndirectInputEvents = YES;
				INFOPLIST_KEY_UILaunchScreen_Generation = YES;
				INFOPLIST_KEY_UISupportedInterfaceOrientations = "UIInterfaceOrientationPortrait UIInterfaceOrientationPortraitUpsideDown";
				INFOPLIST_KEY_UISupportedInterfaceOrientations_iPad = "UIInterfaceOrientationLandscapeLeft UIInterfaceOrientationLandscapeRight UIInterfaceOrientationPortrait UIInterfaceOrientationPortraitUpsideDown";
				IPHONEOS_DEPLOYMENT_TARGET = 16.0;
				LD_RUNPATH_SEARCH_PATHS = (
					"$(inherited)",
					"@executable_path/Frameworks",
				);
				MARKETING_VERSION = 1.0;
				PRODUCT_BUNDLE_IDENTIFIER = com.dev.RockMountain;
				PRODUCT_NAME = "$(TARGET_NAME)";
				SWIFT_EMIT_LOC_STRINGS = YES;
				SWIFT_VERSION = 5.0;
				TARGETED_DEVICE_FAMILY = "1,2";
			};
			name = Debug;
		};
		A790A21229E4A05100B50611 /* Release */ = {
			isa = XCBuildConfiguration;
			buildSettings = {
				ASSETCATALOG_COMPILER_APPICON_NAME = AppIcon;
				ASSETCATALOG_COMPILER_GLOBAL_ACCENT_COLOR_NAME = AccentColor;
				CODE_SIGN_STYLE = Automatic;
				CURRENT_PROJECT_VERSION = 1;
				DEVELOPMENT_ASSET_PATHS = "\"RockMountain/Preview Content\"";
				DEVELOPMENT_TEAM = 73DNAYF2TM;
				ENABLE_PREVIEWS = YES;
				GENERATE_INFOPLIST_FILE = YES;
				INFOPLIST_FILE = RockMountain/Info.plist;
				INFOPLIST_KEY_LSApplicationCategoryType = "";
				INFOPLIST_KEY_UIApplicationSceneManifest_Generation = YES;
				INFOPLIST_KEY_UIApplicationSupportsIndirectInputEvents = YES;
				INFOPLIST_KEY_UILaunchScreen_Generation = YES;
				INFOPLIST_KEY_UISupportedInterfaceOrientations = "UIInterfaceOrientationPortrait UIInterfaceOrientationPortraitUpsideDown";
				INFOPLIST_KEY_UISupportedInterfaceOrientations_iPad = "UIInterfaceOrientationLandscapeLeft UIInterfaceOrientationLandscapeRight UIInterfaceOrientationPortrait UIInterfaceOrientationPortraitUpsideDown";
				IPHONEOS_DEPLOYMENT_TARGET = 16.0;
				LD_RUNPATH_SEARCH_PATHS = (
					"$(inherited)",
					"@executable_path/Frameworks",
				);
				MARKETING_VERSION = 1.0;
				PRODUCT_BUNDLE_IDENTIFIER = com.dev.RockMountain;
				PRODUCT_NAME = "$(TARGET_NAME)";
				SWIFT_EMIT_LOC_STRINGS = YES;
				SWIFT_VERSION = 5.0;
				TARGETED_DEVICE_FAMILY = "1,2";
			};
			name = Release;
		};
/* End XCBuildConfiguration section */

/* Begin XCConfigurationList section */
		A790A1FD29E4A05100B50611 /* Build configuration list for PBXProject "RockMountain" */ = {
			isa = XCConfigurationList;
			buildConfigurations = (
				A790A20E29E4A05100B50611 /* Debug */,
				A790A20F29E4A05100B50611 /* Release */,
			);
			defaultConfigurationIsVisible = 0;
			defaultConfigurationName = Release;
		};
		A790A21029E4A05100B50611 /* Build configuration list for PBXNativeTarget "RockMountain" */ = {
			isa = XCConfigurationList;
			buildConfigurations = (
				A790A21129E4A05100B50611 /* Debug */,
				A790A21229E4A05100B50611 /* Release */,
			);
			defaultConfigurationIsVisible = 0;
			defaultConfigurationName = Release;
		};
/* End XCConfigurationList section */
	};
	rootObject = A790A1FA29E4A05100B50611 /* Project object */;
}
