// !$*UTF8*$!
{
	archiveVersion = 1;
	classes = {
	};
	objectVersion = 56;
	objects = {

/* Begin PBXBuildFile section */
		A790A20629E4A05100B50611 /* RockMountainApp.swift in Sources */ = {isa = PBXBuildFile; fileRef = A790A20529E4A05100B50611 /* RockMountainApp.swift */; };
		A790A20A29E4A05100B50611 /* Assets.xcassets in Resources */ = {isa = PBXBuildFile; fileRef = A790A20929E4A05100B50611 /* Assets.xcassets */; };
		A790A20D29E4A05100B50611 /* Preview Assets.xcassets in Resources */ = {isa = PBXBuildFile; fileRef = A790A20C29E4A05100B50611 /* Preview Assets.xcassets */; };
		A790A21429E4A07300B50611 /* AttractionCard.swift in Sources */ = {isa = PBXBuildFile; fileRef = A790A21329E4A07200B50611 /* AttractionCard.swift */; };
		A7AE13AB29E4EC4D00AAB0CF /* Day.swift in Sources */ = {isa = PBXBuildFile; fileRef = A7AE13AA29E4EC4D00AAB0CF /* Day.swift */; };
		A7AE13AD29E4EC7100AAB0CF /* Stage.swift in Sources */ = {isa = PBXBuildFile; fileRef = A7AE13AC29E4EC7100AAB0CF /* Stage.swift */; };
		A7AE13AF29E4ED3100AAB0CF /* AttractionView.swift in Sources */ = {isa = PBXBuildFile; fileRef = A7AE13AE29E4ED3100AAB0CF /* AttractionView.swift */; };
		A7F40E3529E59AB100158F34 /* Attraction.swift in Sources */ = {isa = PBXBuildFile; fileRef = A7F40E3429E59AB100158F34 /* Attraction.swift */; };
		A7F40E3729E59AC700158F34 /* Artist.swift in Sources */ = {isa = PBXBuildFile; fileRef = A7F40E3629E59AC700158F34 /* Artist.swift */; };
		A7F40E3929E59AF100158F34 /* Show.swift in Sources */ = {isa = PBXBuildFile; fileRef = A7F40E3829E59AF100158F34 /* Show.swift */; };
/* End PBXBuildFile section */

/* Begin PBXFileReference section */
		A790A20229E4A05100B50611 /* RockMountain.app */ = {isa = PBXFileReference; explicitFileType = wrapper.application; includeInIndex = 0; path = RockMountain.app; sourceTree = BUILT_PRODUCTS_DIR; };
		A790A20529E4A05100B50611 /* RockMountainApp.swift */ = {isa = PBXFileReference; lastKnownFileType = sourcecode.swift; path = RockMountainApp.swift; sourceTree = "<group>"; };
		A790A20929E4A05100B50611 /* Assets.xcassets */ = {isa = PBXFileReference; lastKnownFileType = folder.assetcatalog; path = Assets.xcassets; sourceTree = "<group>"; };
		A790A20C29E4A05100B50611 /* Preview Assets.xcassets */ = {isa = PBXFileReference; lastKnownFileType = folder.assetcatalog; path = "Preview Assets.xcassets"; sourceTree = "<group>"; };
		A790A21329E4A07200B50611 /* AttractionCard.swift */ = {isa = PBXFileReference; lastKnownFileType = sourcecode.swift; path = AttractionCard.swift; sourceTree = "<group>"; };
		A7AE13AA29E4EC4D00AAB0CF /* Day.swift */ = {isa = PBXFileReference; lastKnownFileType = sourcecode.swift; path = Day.swift; sourceTree = "<group>"; };
		A7AE13AC29E4EC7100AAB0CF /* Stage.swift */ = {isa = PBXFileReference; lastKnownFileType = sourcecode.swift; path = Stage.swift; sourceTree = "<group>"; };
		A7AE13AE29E4ED3100AAB0CF /* AttractionView.swift */ = {isa = PBXFileReference; lastKnownFileType = sourcecode.swift; path = AttractionView.swift; sourceTree = "<group>"; };
		A7F40E3429E59AB100158F34 /* Attraction.swift */ = {isa = PBXFileReference; lastKnownFileType = sourcecode.swift; path = Attraction.swift; sourceTree = "<group>"; };
		A7F40E3629E59AC700158F34 /* Artist.swift */ = {isa = PBXFileReference; lastKnownFileType = sourcecode.swift; path = Artist.swift; sourceTree = "<group>"; };
		A7F40E3829E59AF100158F34 /* Show.swift */ = {isa = PBXFileReference; lastKnownFileType = sourcecode.swift; path = Show.swift; sourceTree = "<group>"; };
/* End PBXFileReference section */

/* Begin PBXFrameworksBuildPhase section */
		A790A1FF29E4A05100B50611 /* Frameworks */ = {
			isa = PBXFrameworksBuildPhase;
			buildActionMask = 2147483647;
			files = (
			);
			runOnlyForDeploymentPostprocessing = 0;
		};
/* End PBXFrameworksBuildPhase section */

/* Begin PBXGroup section */
		A714458729E5C54A00164CF2 /* Views */ = {
			isa = PBXGroup;
			children = (
				A7AE13AE29E4ED3100AAB0CF /* AttractionView.swift */,
			);
			path = Views;
			sourceTree = "<group>";
		};
		A714458829E5C56500164CF2 /* Components */ = {
			isa = PBXGroup;
			children = (
				A790A20529E4A05100B50611 /* RockMountainApp.swift */,
				A790A21329E4A07200B50611 /* AttractionCard.swift */,
			);
			path = Components;
			sourceTree = "<group>";
		};
		A790A1F929E4A05100B50611 = {
			isa = PBXGroup;
			children = (
				A790A20429E4A05100B50611 /* RockMountain */,
				A790A20329E4A05100B50611 /* Products */,
			);
			sourceTree = "<group>";
		};
		A790A20329E4A05100B50611 /* Products */ = {
			isa = PBXGroup;
			children = (
				A790A20229E4A05100B50611 /* RockMountain.app */,
			);
			name = Products;
			sourceTree = "<group>";
		};
		A790A20429E4A05100B50611 /* RockMountain */ = {
			isa = PBXGroup;
			children = (
				A714458829E5C56500164CF2 /* Components */,
				A714458729E5C54A00164CF2 /* Views */,
				A7F40E3329E59A8C00158F34 /* Data */,
				A790A20929E4A05100B50611 /* Assets.xcassets */,
				A790A20B29E4A05100B50611 /* Preview Content */,
			);
			path = RockMountain;
			sourceTree = "<group>";
		};
		A790A20B29E4A05100B50611 /* Preview Content */ = {
			isa = PBXGroup;
			children = (
				A790A20C29E4A05100B50611 /* Preview Assets.xcassets */,
			);
			path = "Preview Content";
			sourceTree = "<group>";
		};
		A7F40E3329E59A8C00158F34 /* Data */ = {
			isa = PBXGroup;
			children = (
				A7AE13AC29E4EC7100AAB0CF /* Stage.swift */,
				A7AE13AA29E4EC4D00AAB0CF /* Day.swift */,
				A7F40E3429E59AB100158F34 /* Attraction.swift */,
				A7F40E3629E59AC700158F34 /* Artist.swift */,
				A7F40E3829E59AF100158F34 /* Show.swift */,
			);
			path = Data;
			sourceTree = "<group>";
		};
/* End PBXGroup section */

/* Begin PBXNativeTarget section */
		A790A20129E4A05100B50611 /* RockMountain */ = {
			isa = PBXNativeTarget;
			buildConfigurationList = A790A21029E4A05100B50611 /* Build configuration list for PBXNativeTarget "RockMountain" */;
			buildPhases = (
				A790A1FE29E4A05100B50611 /* Sources */,
				A790A1FF29E4A05100B50611 /* Frameworks */,
				A790A20029E4A05100B50611 /* Resources */,
			);
			buildRules = (
			);
			dependencies = (
			);
			name = RockMountain;
			productName = RockMountain;
			productReference = A790A20229E4A05100B50611 /* RockMountain.app */;
			productType = "com.apple.product-type.application";
		};
/* End PBXNativeTarget section */

/* Begin PBXProject section */
		A790A1FA29E4A05100B50611 /* Project object */ = {
			isa = PBXProject;
			attributes = {
				BuildIndependentTargetsInParallel = 1;
				LastSwiftUpdateCheck = 1430;
				LastUpgradeCheck = 1430;
				TargetAttributes = {
					A790A20129E4A05100B50611 = {
						CreatedOnToolsVersion = 14.3;
					};
				};
			};
			buildConfigurationList = A790A1FD29E4A05100B50611 /* Build configuration list for PBXProject "RockMountain" */;
			compatibilityVersion = "Xcode 14.0";
			developmentRegion = en;
			hasScannedForEncodings = 0;
			knownRegions = (
				en,
				Base,
			);
			mainGroup = A790A1F929E4A05100B50611;
			productRefGroup = A790A20329E4A05100B50611 /* Products */;
			projectDirPath = "";
			projectRoot = "";
			targets = (
				A790A20129E4A05100B50611 /* RockMountain */,
			);
		};
/* End PBXProject section */

/* Begin PBXResourcesBuildPhase section */
		A790A20029E4A05100B50611 /* Resources */ = {
			isa = PBXResourcesBuildPhase;
			buildActionMask = 2147483647;
			files = (
				A790A20D29E4A05100B50611 /* Preview Assets.xcassets in Resources */,
				A790A20A29E4A05100B50611 /* Assets.xcassets in Resources */,
			);
			runOnlyForDeploymentPostprocessing = 0;
		};
/* End PBXResourcesBuildPhase section */

/* Begin PBXSourcesBuildPhase section */
		A790A1FE29E4A05100B50611 /* Sources */ = {
			isa = PBXSourcesBuildPhase;
			buildActionMask = 2147483647;
			files = (
				A790A21429E4A07300B50611 /* AttractionCard.swift in Sources */,
				A7AE13AB29E4EC4D00AAB0CF /* Day.swift in Sources */,
				A7F40E3529E59AB100158F34 /* Attraction.swift in Sources */,
				A790A20629E4A05100B50611 /* RockMountainApp.swift in Sources */,
				A7AE13AD29E4EC7100AAB0CF /* Stage.swift in Sources */,
				A7F40E3929E59AF100158F34 /* Show.swift in Sources */,
				A7F40E3729E59AC700158F34 /* Artist.swift in Sources */,
				A7AE13AF29E4ED3100AAB0CF /* AttractionView.swift in Sources */,
			);
			runOnlyForDeploymentPostprocessing = 0;
		};
/* End PBXSourcesBuildPhase section */

/* Begin XCBuildConfiguration section */
		A790A20E29E4A05100B50611 /* Debug */ = {
			isa = XCBuildConfiguration;
			buildSettings = {
				ALWAYS_SEARCH_USER_PATHS = NO;
				CLANG_ANALYZER_NONNULL = YES;
				CLANG_ANALYZER_NUMBER_OBJECT_CONVERSION = YES_AGGRESSIVE;
				CLANG_CXX_LANGUAGE_STANDARD = "gnu++20";
				CLANG_ENABLE_MODULES = YES;
				CLANG_ENABLE_OBJC_ARC = YES;
				CLANG_ENABLE_OBJC_WEAK = YES;
				CLANG_WARN_BLOCK_CAPTURE_AUTORELEASING = YES;
				CLANG_WARN_BOOL_CONVERSION = YES;
				CLANG_WARN_COMMA = YES;
				CLANG_WARN_CONSTANT_CONVERSION = YES;
				CLANG_WARN_DEPRECATED_OBJC_IMPLEMENTATIONS = YES;
				CLANG_WARN_DIRECT_OBJC_ISA_USAGE = YES_ERROR;
				CLANG_WARN_DOCUMENTATION_COMMENTS = YES;
				CLANG_WARN_EMPTY_BODY = YES;
				CLANG_WARN_ENUM_CONVERSION = YES;
				CLANG_WARN_INFINITE_RECURSION = YES;
				CLANG_WARN_INT_CONVERSION = YES;
				CLANG_WARN_NON_LITERAL_NULL_CONVERSION = YES;
				CLANG_WARN_OBJC_IMPLICIT_RETAIN_SELF = YES;
				CLANG_WARN_OBJC_LITERAL_CONVERSION = YES;
				CLANG_WARN_OBJC_ROOT_CLASS = YES_ERROR;
				CLANG_WARN_QUOTED_INCLUDE_IN_FRAMEWORK_HEADER = YES;
				CLANG_WARN_RANGE_LOOP_ANALYSIS = YES;
				CLANG_WARN_STRICT_PROTOTYPES = YES;
				CLANG_WARN_SUSPICIOUS_MOVE = YES;
				CLANG_WARN_UNGUARDED_AVAILABILITY = YES_AGGRESSIVE;
				CLANG_WARN_UNREACHABLE_CODE = YES;
				CLANG_WARN__DUPLICATE_METHOD_MATCH = YES;
				COPY_PHASE_STRIP = NO;
				DEBUG_INFORMATION_FORMAT = dwarf;
				ENABLE_STRICT_OBJC_MSGSEND = YES;
				ENABLE_TESTABILITY = YES;
				GCC_C_LANGUAGE_STANDARD = gnu11;
				GCC_DYNAMIC_NO_PIC = NO;
				GCC_NO_COMMON_BLOCKS = YES;
				GCC_OPTIMIZATION_LEVEL = 0;
				GCC_PREPROCESSOR_DEFINITIONS = (
					"DEBUG=1",
					"$(inherited)",
				);
				GCC_WARN_64_TO_32_BIT_CONVERSION = YES;
				GCC_WARN_ABOUT_RETURN_TYPE = YES_ERROR;
				GCC_WARN_UNDECLARED_SELECTOR = YES;
				GCC_WARN_UNINITIALIZED_AUTOS = YES_AGGRESSIVE;
				GCC_WARN_UNUSED_FUNCTION = YES;
				GCC_WARN_UNUSED_VARIABLE = YES;
				IPHONEOS_DEPLOYMENT_TARGET = 16.4;
				MTL_ENABLE_DEBUG_INFO = INCLUDE_SOURCE;
				MTL_FAST_MATH = YES;
				ONLY_ACTIVE_ARCH = YES;
				SDKROOT = iphoneos;
				SWIFT_ACTIVE_COMPILATION_CONDITIONS = DEBUG;
				SWIFT_OPTIMIZATION_LEVEL = "-Onone";
			};
			name = Debug;
		};
		A790A20F29E4A05100B50611 /* Release */ = {
			isa = XCBuildConfiguration;
			buildSettings = {
				ALWAYS_SEARCH_USER_PATHS = NO;
				CLANG_ANALYZER_NONNULL = YES;
				CLANG_ANALYZER_NUMBER_OBJECT_CONVERSION = YES_AGGRESSIVE;
				CLANG_CXX_LANGUAGE_STANDARD = "gnu++20";
				CLANG_ENABLE_MODULES = YES;
				CLANG_ENABLE_OBJC_ARC = YES;
				CLANG_ENABLE_OBJC_WEAK = YES;
				CLANG_WARN_BLOCK_CAPTURE_AUTORELEASING = YES;
				CLANG_WARN_BOOL_CONVERSION = YES;
				CLANG_WARN_COMMA = YES;
				CLANG_WARN_CONSTANT_CONVERSION = YES;
				CLANG_WARN_DEPRECATED_OBJC_IMPLEMENTATIONS = YES;
				CLANG_WARN_DIRECT_OBJC_ISA_USAGE = YES_ERROR;
				CLANG_WARN_DOCUMENTATION_COMMENTS = YES;
				CLANG_WARN_EMPTY_BODY = YES;
				CLANG_WARN_ENUM_CONVERSION = YES;
				CLANG_WARN_INFINITE_RECURSION = YES;
				CLANG_WARN_INT_CONVERSION = YES;
				CLANG_WARN_NON_LITERAL_NULL_CONVERSION = YES;
				CLANG_WARN_OBJC_IMPLICIT_RETAIN_SELF = YES;
				CLANG_WARN_OBJC_LITERAL_CONVERSION = YES;
				CLANG_WARN_OBJC_ROOT_CLASS = YES_ERROR;
				CLANG_WARN_QUOTED_INCLUDE_IN_FRAMEWORK_HEADER = YES;
				CLANG_WARN_RANGE_LOOP_ANALYSIS = YES;
				CLANG_WARN_STRICT_PROTOTYPES = YES;
				CLANG_WARN_SUSPICIOUS_MOVE = YES;
				CLANG_WARN_UNGUARDED_AVAILABILITY = YES_AGGRESSIVE;
				CLANG_WARN_UNREACHABLE_CODE = YES;
				CLANG_WARN__DUPLICATE_METHOD_MATCH = YES;
				COPY_PHASE_STRIP = NO;
				DEBUG_INFORMATION_FORMAT = "dwarf-with-dsym";
				ENABLE_NS_ASSERTIONS = NO;
				ENABLE_STRICT_OBJC_MSGSEND = YES;
				GCC_C_LANGUAGE_STANDARD = gnu11;
				GCC_NO_COMMON_BLOCKS = YES;
				GCC_WARN_64_TO_32_BIT_CONVERSION = YES;
				GCC_WARN_ABOUT_RETURN_TYPE = YES_ERROR;
				GCC_WARN_UNDECLARED_SELECTOR = YES;
				GCC_WARN_UNINITIALIZED_AUTOS = YES_AGGRESSIVE;
				GCC_WARN_UNUSED_FUNCTION = YES;
				GCC_WARN_UNUSED_VARIABLE = YES;
				IPHONEOS_DEPLOYMENT_TARGET = 16.4;
				MTL_ENABLE_DEBUG_INFO = NO;
				MTL_FAST_MATH = YES;
				SDKROOT = iphoneos;
				SWIFT_COMPILATION_MODE = wholemodule;
				SWIFT_OPTIMIZATION_LEVEL = "-O";
				VALIDATE_PRODUCT = YES;
			};
			name = Release;
		};
		A790A21129E4A05100B50611 /* Debug */ = {
			isa = XCBuildConfiguration;
			buildSettings = {
				ASSETCATALOG_COMPILER_APPICON_NAME = AppIcon;
				ASSETCATALOG_COMPILER_GLOBAL_ACCENT_COLOR_NAME = AccentColor;
				CODE_SIGN_STYLE = Automatic;
				CURRENT_PROJECT_VERSION = 1;
				DEVELOPMENT_ASSET_PATHS = "\"RockMountain/Preview Content\"";
				DEVELOPMENT_TEAM = 73DNAYF2TM;
				ENABLE_PREVIEWS = YES;
				GENERATE_INFOPLIST_FILE = YES;
				INFOPLIST_KEY_UIApplicationSceneManifest_Generation = YES;
				INFOPLIST_KEY_UIApplicationSupportsIndirectInputEvents = YES;
				INFOPLIST_KEY_UILaunchScreen_Generation = YES;
				INFOPLIST_KEY_UISupportedInterfaceOrientations_iPad = "UIInterfaceOrientationPortrait UIInterfaceOrientationPortraitUpsideDown UIInterfaceOrientationLandscapeLeft UIInterfaceOrientationLandscapeRight";
				INFOPLIST_KEY_UISupportedInterfaceOrientations_iPhone = "UIInterfaceOrientationPortrait UIInterfaceOrientationLandscapeLeft UIInterfaceOrientationLandscapeRight";
				LD_RUNPATH_SEARCH_PATHS = (
					"$(inherited)",
					"@executable_path/Frameworks",
				);
				MARKETING_VERSION = 1.0;
				PRODUCT_BUNDLE_IDENTIFIER = com.dev.RockMountain;
				PRODUCT_NAME = "$(TARGET_NAME)";
				SWIFT_EMIT_LOC_STRINGS = YES;
				SWIFT_VERSION = 5.0;
				TARGETED_DEVICE_FAMILY = "1,2";
			};
			name = Debug;
		};
		A790A21229E4A05100B50611 /* Release */ = {
			isa = XCBuildConfiguration;
			buildSettings = {
				ASSETCATALOG_COMPILER_APPICON_NAME = AppIcon;
				ASSETCATALOG_COMPILER_GLOBAL_ACCENT_COLOR_NAME = AccentColor;
				CODE_SIGN_STYLE = Automatic;
				CURRENT_PROJECT_VERSION = 1;
				DEVELOPMENT_ASSET_PATHS = "\"RockMountain/Preview Content\"";
				DEVELOPMENT_TEAM = 73DNAYF2TM;
				ENABLE_PREVIEWS = YES;
				GENERATE_INFOPLIST_FILE = YES;
				INFOPLIST_KEY_UIApplicationSceneManifest_Generation = YES;
				INFOPLIST_KEY_UIApplicationSupportsIndirectInputEvents = YES;
				INFOPLIST_KEY_UILaunchScreen_Generation = YES;
				INFOPLIST_KEY_UISupportedInterfaceOrientations_iPad = "UIInterfaceOrientationPortrait UIInterfaceOrientationPortraitUpsideDown UIInterfaceOrientationLandscapeLeft UIInterfaceOrientationLandscapeRight";
				INFOPLIST_KEY_UISupportedInterfaceOrientations_iPhone = "UIInterfaceOrientationPortrait UIInterfaceOrientationLandscapeLeft UIInterfaceOrientationLandscapeRight";
				LD_RUNPATH_SEARCH_PATHS = (
					"$(inherited)",
					"@executable_path/Frameworks",
				);
				MARKETING_VERSION = 1.0;
				PRODUCT_BUNDLE_IDENTIFIER = com.dev.RockMountain;
				PRODUCT_NAME = "$(TARGET_NAME)";
				SWIFT_EMIT_LOC_STRINGS = YES;
				SWIFT_VERSION = 5.0;
				TARGETED_DEVICE_FAMILY = "1,2";
			};
			name = Release;
		};
/* End XCBuildConfiguration section */

/* Begin XCConfigurationList section */
		A790A1FD29E4A05100B50611 /* Build configuration list for PBXProject "RockMountain" */ = {
			isa = XCConfigurationList;
			buildConfigurations = (
				A790A20E29E4A05100B50611 /* Debug */,
				A790A20F29E4A05100B50611 /* Release */,
			);
			defaultConfigurationIsVisible = 0;
			defaultConfigurationName = Release;
		};
		A790A21029E4A05100B50611 /* Build configuration list for PBXNativeTarget "RockMountain" */ = {
			isa = XCConfigurationList;
			buildConfigurations = (
				A790A21129E4A05100B50611 /* Debug */,
				A790A21229E4A05100B50611 /* Release */,
			);
			defaultConfigurationIsVisible = 0;
			defaultConfigurationName = Release;
		};
/* End XCConfigurationList section */
	};
	rootObject = A790A1FA29E4A05100B50611 /* Project object */;
}
